// !$*UTF8*$!
{
	archiveVersion = 1;
	classes = {
	};
	objectVersion = 55;
	objects = {

/* Begin PBXBuildFile section */
		FE555D1328B3B57C0038568F /* pystore_mobileApp.swift in Sources */ = {isa = PBXBuildFile; fileRef = FE555D1228B3B57C0038568F /* pystore_mobileApp.swift */; };
		FE555D1528B3B57C0038568F /* ContentView.swift in Sources */ = {isa = PBXBuildFile; fileRef = FE555D1428B3B57C0038568F /* ContentView.swift */; };
		FE555D1728B3B57F0038568F /* Assets.xcassets in Resources */ = {isa = PBXBuildFile; fileRef = FE555D1628B3B57F0038568F /* Assets.xcassets */; };
		FE555D1A28B3B57F0038568F /* Preview Assets.xcassets in Resources */ = {isa = PBXBuildFile; fileRef = FE555D1928B3B57F0038568F /* Preview Assets.xcassets */; };
		FE555D1C28B3B57F0038568F /* Persistence.swift in Sources */ = {isa = PBXBuildFile; fileRef = FE555D1B28B3B57F0038568F /* Persistence.swift */; };
		FE555D1F28B3B57F0038568F /* pystore_mobile.xcdatamodeld in Sources */ = {isa = PBXBuildFile; fileRef = FE555D1D28B3B57F0038568F /* pystore_mobile.xcdatamodeld */; };
		FE555D2628B3B8670038568F /* HomeView.swift in Sources */ = {isa = PBXBuildFile; fileRef = FE555D2528B3B8670038568F /* HomeView.swift */; };
		FE555D2828B3B9410038568F /* SideMenu.swift in Sources */ = {isa = PBXBuildFile; fileRef = FE555D2728B3B9410038568F /* SideMenu.swift */; };
		FE601AF628B579E9007B33F7 /* AppWindow.swift in Sources */ = {isa = PBXBuildFile; fileRef = FE601AF528B579E9007B33F7 /* AppWindow.swift */; };
		FE601AF828B655A1007B33F7 /* AppPreview.swift in Sources */ = {isa = PBXBuildFile; fileRef = FE601AF728B655A1007B33F7 /* AppPreview.swift */; };
/* End PBXBuildFile section */

/* Begin PBXFileReference section */
		FE555D0F28B3B57C0038568F /* pystore-mobile.app */ = {isa = PBXFileReference; explicitFileType = wrapper.application; includeInIndex = 0; path = "pystore-mobile.app"; sourceTree = BUILT_PRODUCTS_DIR; };
		FE555D1228B3B57C0038568F /* pystore_mobileApp.swift */ = {isa = PBXFileReference; lastKnownFileType = sourcecode.swift; path = pystore_mobileApp.swift; sourceTree = "<group>"; };
		FE555D1428B3B57C0038568F /* ContentView.swift */ = {isa = PBXFileReference; lastKnownFileType = sourcecode.swift; path = ContentView.swift; sourceTree = "<group>"; };
		FE555D1628B3B57F0038568F /* Assets.xcassets */ = {isa = PBXFileReference; lastKnownFileType = folder.assetcatalog; path = Assets.xcassets; sourceTree = "<group>"; };
		FE555D1928B3B57F0038568F /* Preview Assets.xcassets */ = {isa = PBXFileReference; lastKnownFileType = folder.assetcatalog; path = "Preview Assets.xcassets"; sourceTree = "<group>"; };
		FE555D1B28B3B57F0038568F /* Persistence.swift */ = {isa = PBXFileReference; lastKnownFileType = sourcecode.swift; path = Persistence.swift; sourceTree = "<group>"; };
		FE555D1E28B3B57F0038568F /* pystore_mobile.xcdatamodel */ = {isa = PBXFileReference; lastKnownFileType = wrapper.xcdatamodel; path = pystore_mobile.xcdatamodel; sourceTree = "<group>"; };
		FE555D2528B3B8670038568F /* HomeView.swift */ = {isa = PBXFileReference; lastKnownFileType = sourcecode.swift; path = HomeView.swift; sourceTree = "<group>"; };
		FE555D2728B3B9410038568F /* SideMenu.swift */ = {isa = PBXFileReference; lastKnownFileType = sourcecode.swift; path = SideMenu.swift; sourceTree = "<group>"; };
		FE601AF528B579E9007B33F7 /* AppWindow.swift */ = {isa = PBXFileReference; lastKnownFileType = sourcecode.swift; path = AppWindow.swift; sourceTree = "<group>"; };
		FE601AF728B655A1007B33F7 /* AppPreview.swift */ = {isa = PBXFileReference; lastKnownFileType = sourcecode.swift; path = AppPreview.swift; sourceTree = "<group>"; };
/* End PBXFileReference section */

/* Begin PBXFrameworksBuildPhase section */
		FE555D0C28B3B57C0038568F /* Frameworks */ = {
			isa = PBXFrameworksBuildPhase;
			buildActionMask = 2147483647;
			files = (
			);
			runOnlyForDeploymentPostprocessing = 0;
		};
/* End PBXFrameworksBuildPhase section */

/* Begin PBXGroup section */
		FE555D0628B3B57C0038568F = {
			isa = PBXGroup;
			children = (
				FE555D1128B3B57C0038568F /* pystore-mobile */,
				FE555D1028B3B57C0038568F /* Products */,
			);
			sourceTree = "<group>";
		};
		FE555D1028B3B57C0038568F /* Products */ = {
			isa = PBXGroup;
			children = (
				FE555D0F28B3B57C0038568F /* pystore-mobile.app */,
			);
			name = Products;
			sourceTree = "<group>";
		};
		FE555D1128B3B57C0038568F /* pystore-mobile */ = {
			isa = PBXGroup;
			children = (
				FE555D2528B3B8670038568F /* HomeView.swift */,
				FE601AF528B579E9007B33F7 /* AppWindow.swift */,
				FE555D1228B3B57C0038568F /* pystore_mobileApp.swift */,
				FE555D1428B3B57C0038568F /* ContentView.swift */,
				FE601AF728B655A1007B33F7 /* AppPreview.swift */,
				FE555D2728B3B9410038568F /* SideMenu.swift */,
				FE555D1628B3B57F0038568F /* Assets.xcassets */,
				FE555D1B28B3B57F0038568F /* Persistence.swift */,
				FE555D1D28B3B57F0038568F /* pystore_mobile.xcdatamodeld */,
				FE555D1828B3B57F0038568F /* Preview Content */,
			);
			path = "pystore-mobile";
			sourceTree = "<group>";
		};
		FE555D1828B3B57F0038568F /* Preview Content */ = {
			isa = PBXGroup;
			children = (
				FE555D1928B3B57F0038568F /* Preview Assets.xcassets */,
			);
			path = "Preview Content";
			sourceTree = "<group>";
		};
/* End PBXGroup section */

/* Begin PBXNativeTarget section */
		FE555D0E28B3B57C0038568F /* pystore-mobile */ = {
			isa = PBXNativeTarget;
			buildConfigurationList = FE555D2228B3B57F0038568F /* Build configuration list for PBXNativeTarget "pystore-mobile" */;
			buildPhases = (
				FE555D0B28B3B57C0038568F /* Sources */,
				FE555D0C28B3B57C0038568F /* Frameworks */,
				FE555D0D28B3B57C0038568F /* Resources */,
			);
			buildRules = (
			);
			dependencies = (
			);
			name = "pystore-mobile";
			productName = "pystore-mobile";
			productReference = FE555D0F28B3B57C0038568F /* pystore-mobile.app */;
			productType = "com.apple.product-type.application";
		};
/* End PBXNativeTarget section */

/* Begin PBXProject section */
		FE555D0728B3B57C0038568F /* Project object */ = {
			isa = PBXProject;
			attributes = {
				BuildIndependentTargetsInParallel = 1;
				LastSwiftUpdateCheck = 1330;
				LastUpgradeCheck = 1330;
				TargetAttributes = {
					FE555D0E28B3B57C0038568F = {
						CreatedOnToolsVersion = 13.3.1;
					};
				};
			};
			buildConfigurationList = FE555D0A28B3B57C0038568F /* Build configuration list for PBXProject "pystore-mobile" */;
			compatibilityVersion = "Xcode 13.0";
			developmentRegion = en;
			hasScannedForEncodings = 0;
			knownRegions = (
				en,
				Base,
			);
			mainGroup = FE555D0628B3B57C0038568F;
			productRefGroup = FE555D1028B3B57C0038568F /* Products */;
			projectDirPath = "";
			projectRoot = "";
			targets = (
				FE555D0E28B3B57C0038568F /* pystore-mobile */,
			);
		};
/* End PBXProject section */

/* Begin PBXResourcesBuildPhase section */
		FE555D0D28B3B57C0038568F /* Resources */ = {
			isa = PBXResourcesBuildPhase;
			buildActionMask = 2147483647;
			files = (
				FE555D1A28B3B57F0038568F /* Preview Assets.xcassets in Resources */,
				FE555D1728B3B57F0038568F /* Assets.xcassets in Resources */,
			);
			runOnlyForDeploymentPostprocessing = 0;
		};
/* End PBXResourcesBuildPhase section */

/* Begin PBXSourcesBuildPhase section */
		FE555D0B28B3B57C0038568F /* Sources */ = {
			isa = PBXSourcesBuildPhase;
			buildActionMask = 2147483647;
			files = (
				FE555D1F28B3B57F0038568F /* pystore_mobile.xcdatamodeld in Sources */,
				FE555D1C28B3B57F0038568F /* Persistence.swift in Sources */,
				FE555D1528B3B57C0038568F /* ContentView.swift in Sources */,
				FE555D2828B3B9410038568F /* SideMenu.swift in Sources */,
				FE555D2628B3B8670038568F /* HomeView.swift in Sources */,
				FE601AF628B579E9007B33F7 /* AppWindow.swift in Sources */,
				FE601AF828B655A1007B33F7 /* AppPreview.swift in Sources */,
				FE555D1328B3B57C0038568F /* pystore_mobileApp.swift in Sources */,
			);
			runOnlyForDeploymentPostprocessing = 0;
		};
/* End PBXSourcesBuildPhase section */

/* Begin XCBuildConfiguration section */
		FE555D2028B3B57F0038568F /* Debug */ = {
			isa = XCBuildConfiguration;
			buildSettings = {
				ALWAYS_SEARCH_USER_PATHS = NO;
				CLANG_ANALYZER_NONNULL = YES;
				CLANG_ANALYZER_NUMBER_OBJECT_CONVERSION = YES_AGGRESSIVE;
				CLANG_CXX_LANGUAGE_STANDARD = "gnu++17";
				CLANG_ENABLE_MODULES = YES;
				CLANG_ENABLE_OBJC_ARC = YES;
				CLANG_ENABLE_OBJC_WEAK = YES;
				CLANG_WARN_BLOCK_CAPTURE_AUTORELEASING = YES;
				CLANG_WARN_BOOL_CONVERSION = YES;
				CLANG_WARN_COMMA = YES;
				CLANG_WARN_CONSTANT_CONVERSION = YES;
				CLANG_WARN_DEPRECATED_OBJC_IMPLEMENTATIONS = YES;
				CLANG_WARN_DIRECT_OBJC_ISA_USAGE = YES_ERROR;
				CLANG_WARN_DOCUMENTATION_COMMENTS = YES;
				CLANG_WARN_EMPTY_BODY = YES;
				CLANG_WARN_ENUM_CONVERSION = YES;
				CLANG_WARN_INFINITE_RECURSION = YES;
				CLANG_WARN_INT_CONVERSION = YES;
				CLANG_WARN_NON_LITERAL_NULL_CONVERSION = YES;
				CLANG_WARN_OBJC_IMPLICIT_RETAIN_SELF = YES;
				CLANG_WARN_OBJC_LITERAL_CONVERSION = YES;
				CLANG_WARN_OBJC_ROOT_CLASS = YES_ERROR;
				CLANG_WARN_QUOTED_INCLUDE_IN_FRAMEWORK_HEADER = YES;
				CLANG_WARN_RANGE_LOOP_ANALYSIS = YES;
				CLANG_WARN_STRICT_PROTOTYPES = YES;
				CLANG_WARN_SUSPICIOUS_MOVE = YES;
				CLANG_WARN_UNGUARDED_AVAILABILITY = YES_AGGRESSIVE;
				CLANG_WARN_UNREACHABLE_CODE = YES;
				CLANG_WARN__DUPLICATE_METHOD_MATCH = YES;
				COPY_PHASE_STRIP = NO;
				DEBUG_INFORMATION_FORMAT = dwarf;
				ENABLE_STRICT_OBJC_MSGSEND = YES;
				ENABLE_TESTABILITY = YES;
				GCC_C_LANGUAGE_STANDARD = gnu11;
				GCC_DYNAMIC_NO_PIC = NO;
				GCC_NO_COMMON_BLOCKS = YES;
				GCC_OPTIMIZATION_LEVEL = 0;
				GCC_PREPROCESSOR_DEFINITIONS = (
					"DEBUG=1",
					"$(inherited)",
				);
				GCC_WARN_64_TO_32_BIT_CONVERSION = YES;
				GCC_WARN_ABOUT_RETURN_TYPE = YES_ERROR;
				GCC_WARN_UNDECLARED_SELECTOR = YES;
				GCC_WARN_UNINITIALIZED_AUTOS = YES_AGGRESSIVE;
				GCC_WARN_UNUSED_FUNCTION = YES;
				GCC_WARN_UNUSED_VARIABLE = YES;
				IPHONEOS_DEPLOYMENT_TARGET = 15.4;
				MTL_ENABLE_DEBUG_INFO = INCLUDE_SOURCE;
				MTL_FAST_MATH = YES;
				ONLY_ACTIVE_ARCH = YES;
				SDKROOT = iphoneos;
				SWIFT_ACTIVE_COMPILATION_CONDITIONS = DEBUG;
				SWIFT_OPTIMIZATION_LEVEL = "-Onone";
			};
			name = Debug;
		};
		FE555D2128B3B57F0038568F /* Release */ = {
			isa = XCBuildConfiguration;
			buildSettings = {
				ALWAYS_SEARCH_USER_PATHS = NO;
				CLANG_ANALYZER_NONNULL = YES;
				CLANG_ANALYZER_NUMBER_OBJECT_CONVERSION = YES_AGGRESSIVE;
				CLANG_CXX_LANGUAGE_STANDARD = "gnu++17";
				CLANG_ENABLE_MODULES = YES;
				CLANG_ENABLE_OBJC_ARC = YES;
				CLANG_ENABLE_OBJC_WEAK = YES;
				CLANG_WARN_BLOCK_CAPTURE_AUTORELEASING = YES;
				CLANG_WARN_BOOL_CONVERSION = YES;
				CLANG_WARN_COMMA = YES;
				CLANG_WARN_CONSTANT_CONVERSION = YES;
				CLANG_WARN_DEPRECATED_OBJC_IMPLEMENTATIONS = YES;
				CLANG_WARN_DIRECT_OBJC_ISA_USAGE = YES_ERROR;
				CLANG_WARN_DOCUMENTATION_COMMENTS = YES;
				CLANG_WARN_EMPTY_BODY = YES;
				CLANG_WARN_ENUM_CONVERSION = YES;
				CLANG_WARN_INFINITE_RECURSION = YES;
				CLANG_WARN_INT_CONVERSION = YES;
				CLANG_WARN_NON_LITERAL_NULL_CONVERSION = YES;
				CLANG_WARN_OBJC_IMPLICIT_RETAIN_SELF = YES;
				CLANG_WARN_OBJC_LITERAL_CONVERSION = YES;
				CLANG_WARN_OBJC_ROOT_CLASS = YES_ERROR;
				CLANG_WARN_QUOTED_INCLUDE_IN_FRAMEWORK_HEADER = YES;
				CLANG_WARN_RANGE_LOOP_ANALYSIS = YES;
				CLANG_WARN_STRICT_PROTOTYPES = YES;
				CLANG_WARN_SUSPICIOUS_MOVE = YES;
				CLANG_WARN_UNGUARDED_AVAILABILITY = YES_AGGRESSIVE;
				CLANG_WARN_UNREACHABLE_CODE = YES;
				CLANG_WARN__DUPLICATE_METHOD_MATCH = YES;
				COPY_PHASE_STRIP = NO;
				DEBUG_INFORMATION_FORMAT = "dwarf-with-dsym";
				ENABLE_NS_ASSERTIONS = NO;
				ENABLE_STRICT_OBJC_MSGSEND = YES;
				GCC_C_LANGUAGE_STANDARD = gnu11;
				GCC_NO_COMMON_BLOCKS = YES;
				GCC_WARN_64_TO_32_BIT_CONVERSION = YES;
				GCC_WARN_ABOUT_RETURN_TYPE = YES_ERROR;
				GCC_WARN_UNDECLARED_SELECTOR = YES;
				GCC_WARN_UNINITIALIZED_AUTOS = YES_AGGRESSIVE;
				GCC_WARN_UNUSED_FUNCTION = YES;
				GCC_WARN_UNUSED_VARIABLE = YES;
				IPHONEOS_DEPLOYMENT_TARGET = 15.4;
				MTL_ENABLE_DEBUG_INFO = NO;
				MTL_FAST_MATH = YES;
				SDKROOT = iphoneos;
				SWIFT_COMPILATION_MODE = wholemodule;
				SWIFT_OPTIMIZATION_LEVEL = "-O";
				VALIDATE_PRODUCT = YES;
			};
			name = Release;
		};
		FE555D2328B3B57F0038568F /* Debug */ = {
			isa = XCBuildConfiguration;
			buildSettings = {
				ASSETCATALOG_COMPILER_APPICON_NAME = AppIcon;
				ASSETCATALOG_COMPILER_GLOBAL_ACCENT_COLOR_NAME = AccentColor;
				CODE_SIGN_STYLE = Automatic;
				CURRENT_PROJECT_VERSION = 1;
				DEVELOPMENT_ASSET_PATHS = "\"pystore-mobile/Preview Content\"";
				ENABLE_PREVIEWS = YES;
				GENERATE_INFOPLIST_FILE = YES;
				INFOPLIST_KEY_UIApplicationSceneManifest_Generation = YES;
				INFOPLIST_KEY_UIApplicationSupportsIndirectInputEvents = YES;
				INFOPLIST_KEY_UILaunchScreen_Generation = YES;
				INFOPLIST_KEY_UISupportedInterfaceOrientations_iPad = "UIInterfaceOrientationPortrait UIInterfaceOrientationPortraitUpsideDown UIInterfaceOrientationLandscapeLeft UIInterfaceOrientationLandscapeRight";
				INFOPLIST_KEY_UISupportedInterfaceOrientations_iPhone = "UIInterfaceOrientationPortrait UIInterfaceOrientationLandscapeLeft UIInterfaceOrientationLandscapeRight";
				LD_RUNPATH_SEARCH_PATHS = (
					"$(inherited)",
					"@executable_path/Frameworks",
				);
				MARKETING_VERSION = 1.0;
				PRODUCT_BUNDLE_IDENTIFIER = "ios.pystore.pystore-mobile";
				PRODUCT_NAME = "$(TARGET_NAME)";
				SWIFT_EMIT_LOC_STRINGS = YES;
				SWIFT_VERSION = 5.0;
				TARGETED_DEVICE_FAMILY = "1,2";
			};
			name = Debug;
		};
		FE555D2428B3B57F0038568F /* Release */ = {
			isa = XCBuildConfiguration;
			buildSettings = {
				ASSETCATALOG_COMPILER_APPICON_NAME = AppIcon;
				ASSETCATALOG_COMPILER_GLOBAL_ACCENT_COLOR_NAME = AccentColor;
				CODE_SIGN_STYLE = Automatic;
				CURRENT_PROJECT_VERSION = 1;
				DEVELOPMENT_ASSET_PATHS = "\"pystore-mobile/Preview Content\"";
				ENABLE_PREVIEWS = YES;
				GENERATE_INFOPLIST_FILE = YES;
				INFOPLIST_KEY_UIApplicationSceneManifest_Generation = YES;
				INFOPLIST_KEY_UIApplicationSupportsIndirectInputEvents = YES;
				INFOPLIST_KEY_UILaunchScreen_Generation = YES;
				INFOPLIST_KEY_UISupportedInterfaceOrientations_iPad = "UIInterfaceOrientationPortrait UIInterfaceOrientationPortraitUpsideDown UIInterfaceOrientationLandscapeLeft UIInterfaceOrientationLandscapeRight";
				INFOPLIST_KEY_UISupportedInterfaceOrientations_iPhone = "UIInterfaceOrientationPortrait UIInterfaceOrientationLandscapeLeft UIInterfaceOrientationLandscapeRight";
				LD_RUNPATH_SEARCH_PATHS = (
					"$(inherited)",
					"@executable_path/Frameworks",
				);
				MARKETING_VERSION = 1.0;
				PRODUCT_BUNDLE_IDENTIFIER = "ios.pystore.pystore-mobile";
				PRODUCT_NAME = "$(TARGET_NAME)";
				SWIFT_EMIT_LOC_STRINGS = YES;
				SWIFT_VERSION = 5.0;
				TARGETED_DEVICE_FAMILY = "1,2";
			};
			name = Release;
		};
/* End XCBuildConfiguration section */

/* Begin XCConfigurationList section */
		FE555D0A28B3B57C0038568F /* Build configuration list for PBXProject "pystore-mobile" */ = {
			isa = XCConfigurationList;
			buildConfigurations = (
				FE555D2028B3B57F0038568F /* Debug */,
				FE555D2128B3B57F0038568F /* Release */,
			);
			defaultConfigurationIsVisible = 0;
			defaultConfigurationName = Release;
		};
		FE555D2228B3B57F0038568F /* Build configuration list for PBXNativeTarget "pystore-mobile" */ = {
			isa = XCConfigurationList;
			buildConfigurations = (
				FE555D2328B3B57F0038568F /* Debug */,
				FE555D2428B3B57F0038568F /* Release */,
			);
			defaultConfigurationIsVisible = 0;
			defaultConfigurationName = Release;
		};
/* End XCConfigurationList section */

/* Begin XCVersionGroup section */
		FE555D1D28B3B57F0038568F /* pystore_mobile.xcdatamodeld */ = {
			isa = XCVersionGroup;
			children = (
				FE555D1E28B3B57F0038568F /* pystore_mobile.xcdatamodel */,
			);
			currentVersion = FE555D1E28B3B57F0038568F /* pystore_mobile.xcdatamodel */;
			path = pystore_mobile.xcdatamodeld;
			sourceTree = "<group>";
			versionGroupType = wrapper.xcdatamodel;
		};
/* End XCVersionGroup section */
	};
	rootObject = FE555D0728B3B57C0038568F /* Project object */;
}
